{
  "nodes": {
    "agenix": {
      "inputs": {
        "nixpkgs": "nixpkgs"
      },
      "locked": {
        "lastModified": 1620877075,
        "narHash": "sha256-XvgTqtmQZHegu9UMDSR50gK5cHEM2gbnRH0qecmdN54=",
        "owner": "ryantm",
        "repo": "agenix",
        "rev": "e543aa7d68f222e1e771165da9e9a64b5bf7b3e3",
        "type": "github"
      },
      "original": {
        "owner": "ryantm",
        "repo": "agenix",
        "type": "github"
      }
    },
    "flake-utils": {
      "locked": {
        "lastModified": 1618217525,
        "narHash": "sha256-WGrhVczjXTiswQaoxQ+0PTfbLNeOQM6M36zvLn78AYg=",
        "owner": "numtide",
        "repo": "flake-utils",
        "rev": "c6169a2772643c4a93a0b5ac1c61e296cba68544",
        "type": "github"
      },
      "original": {
        "owner": "numtide",
        "repo": "flake-utils",
        "type": "github"
      }
    },
    "flake-utils-plus": {
      "inputs": {
        "flake-utils": "flake-utils"
      },
      "locked": {
        "lastModified": 1619358717,
        "narHash": "sha256-FkEOIW82ClvUBtD8aqPediM8FERldsOyjPIyapVa65I=",
        "owner": "gytis-ivaskevicius",
        "repo": "flake-utils-plus",
        "rev": "e7ae270a23695b50fbb6b72759a7fb1e3340ca86",
        "type": "github"
      },
      "original": {
        "owner": "gytis-ivaskevicius",
        "repo": "flake-utils-plus",
        "type": "github"
      }
    },
    "home-manager": {
      "inputs": {
        "nixpkgs": [
          "nixpkgs"
        ]
      },
      "locked": {
        "lastModified": 1623891976,
        "narHash": "sha256-zmEY+R0sYvdCDcSLx9KjhWTB5iNY1f1BwkeCZRn7Ho0=",
        "owner": "nix-community",
        "repo": "home-manager",
        "rev": "3aa479d55101346fffe49235caf39566c4b62732",
        "type": "github"
      },
      "original": {
        "owner": "nix-community",
        "repo": "home-manager",
        "type": "github"
      }
    },
    "mozilla": {
      "flake": false,
      "locked": {
        "lastModified": 1622726979,
        "narHash": "sha256-JCBPZVQ4aGe3cmnQc1tjJRwaxqz1b60piQz+/F9CMtc=",
        "owner": "mozilla",
        "repo": "nixpkgs-mozilla",
        "rev": "3f3fba4e2066f28a1ad7ac60e86a688a92eb5b5f",
        "type": "github"
      },
      "original": {
        "owner": "mozilla",
        "repo": "nixpkgs-mozilla",
        "type": "github"
      }
    },
    "musnix": {
      "inputs": {
        "nixpkgs": "nixpkgs_2"
      },
      "locked": {
        "lastModified": 1623932427,
        "narHash": "sha256-RLRfW+0rNJQqVHJ4GIefwTzKQ9iTXYJOiisGYL597JM=",
        "owner": "cidkidnix",
        "repo": "musnix",
        "rev": "b45d670b2c79c071e4b8affb52d42f9604bd3130",
        "type": "github"
      },
      "original": {
        "owner": "cidkidnix",
        "repo": "musnix",
        "rev": "b45d670b2c79c071e4b8affb52d42f9604bd3130",
        "type": "github"
      }
    },
    "nixpkgs": {
      "locked": {
        "lastModified": 1618628710,
        "narHash": "sha256-9xIoU+BrCpjs5nfWcd/GlU7XCVdnNKJPffoNTxgGfhs=",
        "path": "/nix/store/z1rf17q0fxj935cmplzys4gg6nxj1as0-source",
        "rev": "7919518f0235106d050c77837df5e338fb94de5d",
        "type": "path"
      },
      "original": {
        "id": "nixpkgs",
        "type": "indirect"
      }
    },
    "nixpkgs2009": {
      "locked": {
        "lastModified": 1623585158,
        "narHash": "sha256-AjK7M1/six8IBPOI28nm7yC2k8mZIR2F9QrOwFYHAS0=",
        "owner": "NixOS",
        "repo": "nixpkgs",
        "rev": "115dbbe82eb4ec8aabf959068286468a68e0b244",
        "type": "github"
      },
      "original": {
        "owner": "NixOS",
        "ref": "nixos-20.09",
        "repo": "nixpkgs",
        "type": "github"
      }
    },
    "nixpkgs_2": {
      "locked": {
        "lastModified": 1623176226,
        "narHash": "sha256-54a9uvHlIlK3i0b36HfGMc4zqM0BpMOOiFYBxEhQFK8=",
        "owner": "NixOS",
        "repo": "nixpkgs",
        "rev": "51bb9f3e9ab6161a3bf7746e20b955712cef618b",
        "type": "github"
      },
      "original": {
        "owner": "NixOS",
        "ref": "nixpkgs-unstable",
        "repo": "nixpkgs",
        "type": "github"
      }
    },
    "nixpkgs_3": {
      "locked": {
        "lastModified": 1623580589,
        "narHash": "sha256-Ayp1cjXpwFCkAiWUE46rj9APTltsiEBdIs2+cj+U7+c=",
        "owner": "NixOS",
        "repo": "nixpkgs",
        "rev": "fa0326ce5233f7d592271df52c9d0812bec47b84",
        "type": "github"
      },
      "original": {
        "owner": "NixOS",
        "ref": "nixos-unstable",
        "repo": "nixpkgs",
        "type": "github"
      }
    },
    "nixpkgs_4": {
      "locked": {
        "lastModified": 1613917044,
        "narHash": "sha256-YvBBwtvrnove51SXQ67OVQHctYjEEpFu6GEzRe0pp5I=",
        "owner": "NixOS",
        "repo": "nixpkgs",
        "rev": "aed173ff9707387b238c1c7e143152ca9d8878e9",
        "type": "github"
      },
      "original": {
        "owner": "NixOS",
        "ref": "nixpkgs-unstable",
        "repo": "nixpkgs",
        "type": "github"
      }
    },
    "nur": {
      "locked": {
        "lastModified": 1623892520,
        "narHash": "sha256-puIdS/JIyJDmJ2SVUYzUwGekXNYumXn5MmsWsYs8sNQ=",
        "owner": "nix-community",
        "repo": "NUR",
        "rev": "6dc3fc7140bb1bf52efb88ec0fdf717d09505753",
        "type": "github"
      },
      "original": {
        "owner": "nix-community",
        "repo": "NUR",
        "type": "github"
      }
    },
    "root": {
      "inputs": {
        "agenix": "agenix",
        "flake-utils-plus": "flake-utils-plus",
        "home-manager": "home-manager",
        "mozilla": "mozilla",
        "musnix": "musnix",
        "nixpkgs": "nixpkgs_3",
        "nixpkgs2009": "nixpkgs2009",
        "nur": "nur",
        "sops-nix": "sops-nix",
        "wine-lol": "wine-lol",
        "wine-wayland": "wine-wayland"
      }
    },
    "sops-nix": {
      "inputs": {
        "nixpkgs": "nixpkgs_4"
      },
      "locked": {
        "lastModified": 1622915462,
        "narHash": "sha256-Hr/DVKUnQt3BTR3o4vzux1Ed1mciKZOrCRWuwORzt4Y=",
        "owner": "Mic92",
        "repo": "sops-nix",
        "rev": "7918c59b392f23665c0b726d4c640d14be4b0b8b",
        "type": "github"
      },
      "original": {
        "owner": "Mic92",
        "repo": "sops-nix",
        "type": "github"
      }
    },
    "wine-lol": {
      "flake": false,
      "locked": {
        "lastModified": 1585831214,
        "narHash": "sha256-mHYJgi6JrvkoldQkj8XBsQTLQ63G2FK6OTCPfe5DpBY=",
        "owner": "lutris",
        "repo": "wine",
        "rev": "4149b5439f0659a86b1dc4cd86d63de51c6402ef",
        "type": "github"
      },
      "original": {
        "owner": "lutris",
        "ref": "lutris-lol-5.5",
        "repo": "wine",
        "type": "github"
      }
    },
    "wine-wayland": {
      "flake": false,
      "locked": {
        "lastModified": 1623244839,
        "narHash": "sha256-hmDAGRZ9dzJEjD2bcUi90wVqtvjYl0lb6sLfDuYVXo4=",
        "ref": "wayland",
        "rev": "47bdc961a3effc4475fe845ebc6be20a6754605c",
        "revCount": 147543,
        "type": "git",
        "url": "https://gitlab.collabora.com/alf/wine"
      },
      "original": {
        "ref": "wayland",
        "type": "git",
        "url": "https://gitlab.collabora.com/alf/wine"
      }
    }
  },
  "root": "root",
  "version": 7
}
